
Microsoft Visual Studio Solution File, Format Version 12.00
# Visual Studio Version 17
VisualStudioVersion = 17.1.32210.238
MinimumVisualStudioVersion = 10.0.40219.1
Project("{FAE04EC0-301F-11D3-BF4B-00C04F79EFBC}") = "SeleniumWebApp", "SeleniumWebApp\SeleniumWebApp.csproj", "{BDE6B98A-B82D-4B5E-B25F-C3F7F29BAAFA}"
EndProject
Global
	GlobalSection(SolutionConfigurationPlatforms) = preSolution
		Debug|Any CPU = Debug|Any CPU
		Release|Any CPU = Release|Any CPU
	EndGlobalSection
	GlobalSection(ProjectConfigurationPlatforms) = postSolution
		{BDE6B98A-B82D-4B5E-B25F-C3F7F29BAAFA}.Debug|Any CPU.ActiveCfg = Debug|Any CPU
		{BDE6B98A-B82D-4B5E-B25F-C3F7F29BAAFA}.Debug|Any CPU.Build.0 = Debug|Any CPU
		{BDE6B98A-B82D-4B5E-B25F-C3F7F29BAAFA}.Release|Any CPU.ActiveCfg = Release|Any CPU
		{BDE6B98A-B82D-4B5E-B25F-C3F7F29BAAFA}.Release|Any CPU.Build.0 = Release|Any CPU
	EndGlobalSection
	GlobalSection(SolutionProperties) = preSolution
		HideSolutionNode = FALSE
	EndGlobalSection
	GlobalSection(ExtensibilityGlobals) = postSolution
		SolutionGuid = {A6765D14-BA7E-4EE5-A953-7AAAA07BD0DE}
	EndGlobalSection
EndGlobal
